
Microsoft Visual Studio Solution File, Format Version 12.00
# Visual Studio 14
VisualStudioVersion = 14.0.25420.1
MinimumVisualStudioVersion = 10.0.40219.1
Project("{FAE04EC0-301F-11D3-BF4B-00C04F79EFBC}") = "OmronPLCTemperatureReader", "OmronPLCTemperatureReader\OmronPLCTemperatureReader.csproj", "{7978F484-5FA0-4EFD-8378-D79703CDABF0}"
EndProject
Project("{54435603-DBB4-11D2-8724-00A0C9A8B90C}") = "Setup", "Setup\Setup.vdproj", "{55D8DCED-42BD-40F1-B2D8-0D7D80B417C6}"
EndProject
Global
	GlobalSection(SolutionConfigurationPlatforms) = preSolution
		Debug|Any CPU = Debug|Any CPU
		Release|Any CPU = Release|Any CPU
	EndGlobalSection
	GlobalSection(ProjectConfigurationPlatforms) = postSolution
		{7978F484-5FA0-4EFD-8378-D79703CDABF0}.Debug|Any CPU.ActiveCfg = Debug|Any CPU
		{7978F484-5FA0-4EFD-8378-D79703CDABF0}.Debug|Any CPU.Build.0 = Debug|Any CPU
		{7978F484-5FA0-4EFD-8378-D79703CDABF0}.Release|Any CPU.ActiveCfg = Release|Any CPU
		{7978F484-5FA0-4EFD-8378-D79703CDABF0}.Release|Any CPU.Build.0 = Release|Any CPU
		{55D8DCED-42BD-40F1-B2D8-0D7D80B417C6}.Debug|Any CPU.ActiveCfg = Debug
		{55D8DCED-42BD-40F1-B2D8-0D7D80B417C6}.Release|Any CPU.ActiveCfg = Release
	EndGlobalSection
	GlobalSection(SolutionProperties) = preSolution
		HideSolutionNode = FALSE
	EndGlobalSection
EndGlobal
